{
  "version": "5",
  "specifiers": {
    "jsr:@db/sqlite@0.12": "0.12.0",
    "jsr:@denosaurs/plug@1": "1.1.0",
    "jsr:@es-toolkit/es-toolkit@^1.39.5": "1.44.0",
    "jsr:@fedify/denokv@^1.10.0": "1.10.0",
    "jsr:@fedify/fedify@^1.10.0": "1.10.0",
    "jsr:@hongminhee/x-forwarded-fetch@0.2": "0.2.0",
    "jsr:@hono/hono@^4.7.4": "4.11.4",
    "jsr:@logtape/logtape@^1.2.2": "1.3.6",
    "jsr:@std/assert@0.217": "0.217.0",
    "jsr:@std/encoding@1": "1.0.10",
    "jsr:@std/fmt@1": "1.0.8",
    "jsr:@std/fs@1": "1.0.21",
    "jsr:@std/internal@^1.0.12": "1.0.12",
    "jsr:@std/path@0.217": "0.217.0",
    "jsr:@std/path@1": "1.1.4",
    "jsr:@std/path@^1.1.4": "1.1.4",
    "npm:@cloudflare/workers-types@^4.20250529.0": "4.20260116.0",
    "npm:@multiformats/base-x@^4.0.1": "4.0.1",
    "npm:@opentelemetry/api@^1.9.0": "1.9.0",
    "npm:@opentelemetry/core@^1.30.1": "1.30.1_@opentelemetry+api@1.9.0",
    "npm:@opentelemetry/sdk-trace-base@^1.30.1": "1.30.1_@opentelemetry+api@1.9.0",
    "npm:@opentelemetry/semantic-conventions@^1.27.0": "1.28.0",
    "npm:@phensley/language-tag@^1.9.0": "1.14.0",
    "npm:asn1js@^3.0.5": "3.0.7",
    "npm:byte-encodings@^1.0.11": "1.0.11",
    "npm:es-toolkit@^1.30.0": "1.44.0",
    "npm:json-canon@^1.0.1": "1.0.1",
    "npm:jsonld@9": "9.0.0",
    "npm:multicodec@^3.2.1": "3.2.1",
    "npm:pkijs@^3.2.4": "3.3.3",
    "npm:stringify-entities@^4.0.4": "4.0.4",
    "npm:structured-field-values@^2.0.4": "2.0.4",
    "npm:uri-template-router@1": "1.0.0",
    "npm:url-template@^3.1.1": "3.1.1"
  },
  "jsr": {
    "@db/sqlite@0.12.0": {
      "integrity": "dd1ef7f621ad50fc1e073a1c3609c4470bd51edc0994139c5bf9851de7a6d85f",
      "dependencies": [
        "jsr:@denosaurs/plug",
        "jsr:@std/path@0.217"
      ]
    },
    "@denosaurs/plug@1.1.0": {
      "integrity": "eb2f0b7546c7bca2000d8b0282c54d50d91cf6d75cb26a80df25a6de8c4bc044",
      "dependencies": [
        "jsr:@std/encoding",
        "jsr:@std/fmt",
        "jsr:@std/fs",
        "jsr:@std/path@1"
      ]
    },
    "@es-toolkit/es-toolkit@1.44.0": {
      "integrity": "647a7e777945a3ac81bd1783670f85429c2a661510d9af36becc6963ddfca00d"
    },
    "@fedify/denokv@1.10.0": {
      "integrity": "822c7389733e4e8a0fac0d01dd519e846db914478620750ac53124882b654665",
      "dependencies": [
        "npm:es-toolkit"
      ]
    },
    "@fedify/fedify@1.10.0": {
      "integrity": "3bcb83386f2c17a78f968266383de316c56014a9e93ca9c5a8e6e9cdad30866a",
      "dependencies": [
        "jsr:@es-toolkit/es-toolkit",
        "jsr:@logtape/logtape",
        "npm:@cloudflare/workers-types",
        "npm:@multiformats/base-x",
        "npm:@opentelemetry/api",
        "npm:@opentelemetry/core",
        "npm:@opentelemetry/sdk-trace-base",
        "npm:@opentelemetry/semantic-conventions",
        "npm:@phensley/language-tag",
        "npm:asn1js",
        "npm:byte-encodings",
        "npm:json-canon",
        "npm:jsonld",
        "npm:multicodec",
        "npm:pkijs",
        "npm:structured-field-values",
        "npm:uri-template-router",
        "npm:url-template"
      ]
    },
    "@hongminhee/x-forwarded-fetch@0.2.0": {
      "integrity": "8a347e061974e07b480e9461c7d84047e12e92c462fe7679a6f0f59b5c5f48d5"
    },
    "@hono/hono@4.11.4": {
      "integrity": "aaf7b9d5a6b2422b0778c091b712ee1f018bc7e82138067d21eb27d7c2e1f5be"
    },
    "@logtape/logtape@1.3.6": {
      "integrity": "d9a038ed8f85981d7c1cd43d931402ef52bc036cfd14bc9be5bdfc7ec8136b6f"
    },
    "@std/assert@0.217.0": {
      "integrity": "c98e279362ca6982d5285c3b89517b757c1e3477ee9f14eb2fdf80a45aaa9642"
    },
    "@std/encoding@1.0.10": {
      "integrity": "8783c6384a2d13abd5e9e87a7ae0520a30e9f56aeeaa3bdf910a3eaaf5c811a1"
    },
    "@std/fmt@1.0.8": {
      "integrity": "71e1fc498787e4434d213647a6e43e794af4fd393ef8f52062246e06f7e372b7"
    },
    "@std/fs@1.0.21": {
      "integrity": "d720fe1056d78d43065a4d6e0eeb2b19f34adb8a0bc7caf3a4dbf1d4178252cd",
      "dependencies": [
        "jsr:@std/internal",
        "jsr:@std/path@^1.1.4"
      ]
    },
    "@std/internal@1.0.12": {
      "integrity": "972a634fd5bc34b242024402972cd5143eac68d8dffaca5eaa4dba30ce17b027"
    },
    "@std/path@0.217.0": {
      "integrity": "1217cc25534bca9a2f672d7fe7c6f356e4027df400c0e85c0ef3e4343bc67d11",
      "dependencies": [
        "jsr:@std/assert"
      ]
    },
    "@std/path@1.1.4": {
      "integrity": "1d2d43f39efb1b42f0b1882a25486647cb851481862dc7313390b2bb044314b5",
      "dependencies": [
        "jsr:@std/internal"
      ]
    }
  },
  "npm": {
    "@cloudflare/workers-types@4.20260116.0": {
      "integrity": "sha512-iMZIQDco7ARzzH+r8j90757kbPKEetKY3/6V5UurOzS6T1GJ+rsREw5i7vlBA4XjFV5UMaPtUD6HuUFSMLcxPQ=="
    },
    "@digitalbazaar/http-client@4.2.0": {
      "integrity": "sha512-OGju/GYp0V72qlZ/Pd4jGEwqBwT/Za/tw+Z3AC7lgMheGqsbhTZrtc5iLz9z59G/Q53QyE2fnjHV8N9wjBpiWA==",
      "dependencies": [
        "ky",
        "undici"
      ]
    },
    "@multiformats/base-x@4.0.1": {
      "integrity": "sha512-eMk0b9ReBbV23xXU693TAIrLyeO5iTgBZGSJfpqriG8UkYvr/hC9u9pyMlAakDNHWmbhMZCDs6KQO0jzKD8OTw=="
    },
    "@noble/hashes@1.4.0": {
      "integrity": "sha512-V1JJ1WTRUqHHrOSh597hURcMqVKVGL/ea3kv0gSnEdsEZ0/+VyPghM1lMNGc00z7CIQorSvbKpuJkxvuHbvdbg=="
    },
    "@opentelemetry/api@1.9.0": {
      "integrity": "sha512-3giAOQvZiH5F9bMlMiv8+GSPMeqg0dbaeo58/0SlA9sxSqZhnUtxzX9/2FzyhS9sWQf5S0GJE0AKBrFqjpeYcg=="
    },
    "@opentelemetry/core@1.30.1_@opentelemetry+api@1.9.0": {
      "integrity": "sha512-OOCM2C/QIURhJMuKaekP3TRBxBKxG/TWWA0TL2J6nXUtDnuCtccy49LUJF8xPFXMX+0LMcxFpCo8M9cGY1W6rQ==",
      "dependencies": [
        "@opentelemetry/api",
        "@opentelemetry/semantic-conventions"
      ]
    },
    "@opentelemetry/resources@1.30.1_@opentelemetry+api@1.9.0": {
      "integrity": "sha512-5UxZqiAgLYGFjS4s9qm5mBVo433u+dSPUFWVWXmLAD4wB65oMCoXaJP1KJa9DIYYMeHu3z4BZcStG3LC593cWA==",
      "dependencies": [
        "@opentelemetry/api",
        "@opentelemetry/core",
        "@opentelemetry/semantic-conventions"
      ]
    },
    "@opentelemetry/sdk-trace-base@1.30.1_@opentelemetry+api@1.9.0": {
      "integrity": "sha512-jVPgBbH1gCy2Lb7X0AVQ8XAfgg0pJ4nvl8/IiQA6nxOsPvS+0zMJaFSs2ltXe0J6C8dqjcnpyqINDJmU30+uOg==",
      "dependencies": [
        "@opentelemetry/api",
        "@opentelemetry/core",
        "@opentelemetry/resources",
        "@opentelemetry/semantic-conventions"
      ]
    },
    "@opentelemetry/semantic-conventions@1.28.0": {
      "integrity": "sha512-lp4qAiMTD4sNWW4DbKLBkfiMZ4jbAboJIGOQr5DvciMRI494OapieI9qiODpOt0XBr1LjIDy1xAGAnVs5supTA=="
    },
    "@phensley/language-tag@1.14.0": {
      "integrity": "sha512-FJak93PHAWlleOeAt0JBLplkAy/BhrEhK8zuNX1PHca7I+Pdzj3N1lWZD8ZLmDqlYHIBhHkf6PLOrOcjBD1DHg==",
      "dependencies": [
        "tslib"
      ]
    },
    "asn1js@3.0.7": {
      "integrity": "sha512-uLvq6KJu04qoQM6gvBfKFjlh6Gl0vOKQuR5cJMDHQkmwfMOQeN3F3SHCv9SNYSL+CRoHvOGFfllDlVz03GQjvQ==",
      "dependencies": [
        "pvtsutils",
        "pvutils",
        "tslib"
      ]
    },
    "byte-encodings@1.0.11": {
      "integrity": "sha512-+/xR2+ySc2yKGtud3DGkGSH1DNwHfRVK0KTnMhoeH36/KwG+tHQ4d9B3jxJFq7dW27YcfudkywaYJRPA2dmxzg=="
    },
    "bytestreamjs@2.0.1": {
      "integrity": "sha512-U1Z/ob71V/bXfVABvNr/Kumf5VyeQRBEm6Txb0PQ6S7V5GpBM3w4Cbqz/xPDicR5tN0uvDifng8C+5qECeGwyQ=="
    },
    "canonicalize@2.1.0": {
      "integrity": "sha512-F705O3xrsUtgt98j7leetNhTWPe+5S72rlL5O4jA1pKqBVQ/dT1O1D6PFxmSXvc0SUOinWS57DKx0I3CHrXJHQ==",
      "bin": true
    },
    "character-entities-html4@2.1.0": {
      "integrity": "sha512-1v7fgQRj6hnSwFpq1Eu0ynr/CDEw0rXo2B61qXrLNdHZmPKgb7fqS1a2JwF0rISo9q77jDI8VMEHoApn8qDoZA=="
    },
    "character-entities-legacy@3.0.0": {
      "integrity": "sha512-RpPp0asT/6ufRm//AJVwpViZbGM/MkjQFxJccQRHmISF/22NBtsHqAWmL+/pmkPWoIUJdWyeVleTl1wydHATVQ=="
    },
    "es-toolkit@1.44.0": {
      "integrity": "sha512-6penXeZalaV88MM3cGkFZZfOoLGWshWWfdy0tWw/RlVVyhvMaWSBTOvXNeiW3e5FwdS5ePW0LGEu17zT139ktg=="
    },
    "json-canon@1.0.1": {
      "integrity": "sha512-PQcj4PFOTAQxE8PgoQ4KrM0DcKWZd7S3ELOON8rmysl9I8JuFMgxu1H9v+oZsTPjjkpeS3IHPwLjr7d+gKygnw=="
    },
    "jsonld@9.0.0": {
      "integrity": "sha512-pjMIdkXfC1T2wrX9B9i2uXhGdyCmgec3qgMht+TDj+S0qX3bjWMQUfL7NeqEhuRTi8G5ESzmL9uGlST7nzSEWg==",
      "dependencies": [
        "@digitalbazaar/http-client",
        "canonicalize",
        "lru-cache",
        "rdf-canonize"
      ]
    },
    "ky@1.14.1": {
      "integrity": "sha512-hYje4L9JCmpEQBtudo+v52X5X8tgWXUYyPcxKSuxQNboqufecl9VMWjGiucAFH060AwPXHZuH+WB2rrqfkmafw=="
    },
    "lru-cache@6.0.0": {
      "integrity": "sha512-Jo6dJ04CmSjuznwJSS3pUeWmd/H0ffTlkXXgwZi+eq1UCmqQwCh+eLsYOYCwY991i2Fah4h1BEMCx4qThGbsiA==",
      "dependencies": [
        "yallist"
      ]
    },
    "multicodec@3.2.1": {
      "integrity": "sha512-+expTPftro8VAW8kfvcuNNNBgb9gPeNYV9dn+z1kJRWF2vih+/S79f2RVeIwmrJBUJ6NT9IUPWnZDQvegEh5pw==",
      "dependencies": [
        "uint8arrays",
        "varint"
      ],
      "deprecated": true
    },
    "multiformats@9.9.0": {
      "integrity": "sha512-HoMUjhH9T8DDBNT+6xzkrd9ga/XiBI4xLr58LJACwK6G3HTOPeMz4nB4KJs33L2BelrIJa7P0VuNaVF3hMYfjg=="
    },
    "pkijs@3.3.3": {
      "integrity": "sha512-+KD8hJtqQMYoTuL1bbGOqxb4z+nZkTAwVdNtWwe8Tc2xNbEmdJYIYoc6Qt0uF55e6YW6KuTHw1DjQ18gMhzepw==",
      "dependencies": [
        "@noble/hashes",
        "asn1js",
        "bytestreamjs",
        "pvtsutils",
        "pvutils",
        "tslib"
      ]
    },
    "pvtsutils@1.3.6": {
      "integrity": "sha512-PLgQXQ6H2FWCaeRak8vvk1GW462lMxB5s3Jm673N82zI4vqtVUPuZdffdZbPDFRoU8kAhItWFtPCWiPpp4/EDg==",
      "dependencies": [
        "tslib"
      ]
    },
    "pvutils@1.1.5": {
      "integrity": "sha512-KTqnxsgGiQ6ZAzZCVlJH5eOjSnvlyEgx1m8bkRJfOhmGRqfo5KLvmAlACQkrjEtOQ4B7wF9TdSLIs9O90MX9xA=="
    },
    "rdf-canonize@5.0.0": {
      "integrity": "sha512-g8OUrgMXAR9ys/ZuJVfBr05sPPoMA7nHIVs8VEvg9QwM5W4GR2qSFEEHjsyHF1eWlBaf8Ev40WNjQFQ+nJTO3w==",
      "dependencies": [
        "setimmediate"
      ]
    },
    "setimmediate@1.0.5": {
      "integrity": "sha512-MATJdZp8sLqDl/68LfQmbP8zKPLQNV6BIZoIgrscFDQ+RsvK/BxeDQOgyxKKoh0y/8h3BqVFnCqQ/gd+reiIXA=="
    },
    "stringify-entities@4.0.4": {
      "integrity": "sha512-IwfBptatlO+QCJUo19AqvrPNqlVMpW9YEL2LIVY+Rpv2qsjCGxaDLNRgeGsQWJhfItebuJhsGSLjaBbNSQ+ieg==",
      "dependencies": [
        "character-entities-html4",
        "character-entities-legacy"
      ]
    },
    "structured-field-values@2.0.4": {
      "integrity": "sha512-5zpJXYLPwW3WYUD/D58tQjIBs10l3Yx64jZfcKGs/RH79E2t9Xm/b9+ydwdMNVSksnsIY+HR/2IlQmgo0AcTAg=="
    },
    "tslib@2.8.1": {
      "integrity": "sha512-oJFu94HQb+KVduSUQL7wnpmqnfmLsOA/nAh6b6EH0wCEoK0/mPeXU6c3wKDV83MkOuHPRHtSXKKU99IBazS/2w=="
    },
    "uint8arrays@3.1.1": {
      "integrity": "sha512-+QJa8QRnbdXVpHYjLoTpJIdCTiw9Ir62nocClWuXIq2JIh4Uta0cQsTSpFL678p2CN8B+XSApwcU+pQEqVpKWg==",
      "dependencies": [
        "multiformats"
      ]
    },
    "undici@6.22.0": {
      "integrity": "sha512-hU/10obOIu62MGYjdskASR3CUAiYaFTtC9Pa6vHyf//mAipSvSQg6od2CnJswq7fvzNS3zJhxoRkgNVaHurWKw=="
    },
    "uri-template-router@1.0.0": {
      "integrity": "sha512-WKcL9ZSIEhHE3f5P4Z47Tf0nWbcgV1ISb/OBuF8YKEYi0SQOyTLCzM6B/gAKFWZhRhqA+C/Ks8UXe2qU5W0FVg=="
    },
    "url-template@3.1.1": {
      "integrity": "sha512-4oszoaEKE/mQOtAmdMWqIRHmkxWkUZMnXFnjQ5i01CuRSK3uluxcH1MRVVVWmhlnzT1SCDfKxxficm2G37qzCA=="
    },
    "varint@6.0.0": {
      "integrity": "sha512-cXEIW6cfr15lFv563k4GuVuW/fiwjknytD37jIOLSdSWuOI6WnO/oKwmP2FQTU2l01LP8/M5TSAJpzUaGe3uWg=="
    },
    "yallist@4.0.0": {
      "integrity": "sha512-3wdGidZyq5PB084XLES5TpOSRA3wjXAlIWMhum2kRcv/41Sn2emQ0dycQW4uZXLejwKvg6EsvbdlVL+FYEct7A=="
    }
  },
  "workspace": {
    "dependencies": [
      "jsr:@db/sqlite@0.12",
      "jsr:@fedify/denokv@^1.10.0",
      "jsr:@fedify/fedify@^1.10.0",
      "jsr:@hongminhee/x-forwarded-fetch@0.2",
      "jsr:@hono/hono@^4.7.4",
      "npm:stringify-entities@^4.0.4"
    ]
  }
}
